
Microsoft Visual Studio Solution File, Format Version 12.00
# Visual Studio Version 16
VisualStudioVersion = 16.0.29326.143
MinimumVisualStudioVersion = 10.0.40219.1
Project("{9A19103F-16F7-4668-BE54-9A1E7A4F7556}") = "Day1", "Day1\Day1.csproj", "{62FFC0FC-988F-43FD-BCF2-435E223F1611}"
EndProject
Project("{9A19103F-16F7-4668-BE54-9A1E7A4F7556}") = "Day2", "Day2\Day2.csproj", "{52AF6DDD-7714-4E96-BA08-9DC3623F8A12}"
EndProject
Project("{9A19103F-16F7-4668-BE54-9A1E7A4F7556}") = "Day3", "Day3\Day3.csproj", "{2E70C476-8799-4317-8269-34D29ADFEBA5}"
EndProject
Global
	GlobalSection(SolutionConfigurationPlatforms) = preSolution
		Debug|Any CPU = Debug|Any CPU
		Release|Any CPU = Release|Any CPU
	EndGlobalSection
	GlobalSection(ProjectConfigurationPlatforms) = postSolution
		{62FFC0FC-988F-43FD-BCF2-435E223F1611}.Debug|Any CPU.ActiveCfg = Debug|Any CPU
		{62FFC0FC-988F-43FD-BCF2-435E223F1611}.Debug|Any CPU.Build.0 = Debug|Any CPU
		{62FFC0FC-988F-43FD-BCF2-435E223F1611}.Release|Any CPU.ActiveCfg = Release|Any CPU
		{62FFC0FC-988F-43FD-BCF2-435E223F1611}.Release|Any CPU.Build.0 = Release|Any CPU
		{52AF6DDD-7714-4E96-BA08-9DC3623F8A12}.Debug|Any CPU.ActiveCfg = Debug|Any CPU
		{52AF6DDD-7714-4E96-BA08-9DC3623F8A12}.Debug|Any CPU.Build.0 = Debug|Any CPU
		{52AF6DDD-7714-4E96-BA08-9DC3623F8A12}.Release|Any CPU.ActiveCfg = Release|Any CPU
		{52AF6DDD-7714-4E96-BA08-9DC3623F8A12}.Release|Any CPU.Build.0 = Release|Any CPU
		{2E70C476-8799-4317-8269-34D29ADFEBA5}.Debug|Any CPU.ActiveCfg = Debug|Any CPU
		{2E70C476-8799-4317-8269-34D29ADFEBA5}.Debug|Any CPU.Build.0 = Debug|Any CPU
		{2E70C476-8799-4317-8269-34D29ADFEBA5}.Release|Any CPU.ActiveCfg = Release|Any CPU
		{2E70C476-8799-4317-8269-34D29ADFEBA5}.Release|Any CPU.Build.0 = Release|Any CPU
	EndGlobalSection
	GlobalSection(SolutionProperties) = preSolution
		HideSolutionNode = FALSE
	EndGlobalSection
	GlobalSection(ExtensibilityGlobals) = postSolution
		SolutionGuid = {21C2540A-FC14-4206-9DD1-673EBFD93794}
	EndGlobalSection
EndGlobal
